
Microsoft Visual Studio Solution File, Format Version 12.00
# Visual Studio Version 16
VisualStudioVersion = 16.0.36107.64
MinimumVisualStudioVersion = 10.0.40219.1
Project("{FAE04EC0-301F-11D3-BF4B-00C04F79EFBC}") = "ScrewMachine_wpf", "ScrewMachine_wpf\ScrewMachine_wpf.csproj", "{08283C74-5821-42D3-A09A-7CEEC81DAA84}"
EndProject
Global
	GlobalSection(SolutionConfigurationPlatforms) = preSolution
		Debug|Any CPU = Debug|Any CPU
		Release|Any CPU = Release|Any CPU
	EndGlobalSection
	GlobalSection(ProjectConfigurationPlatforms) = postSolution
		{08283C74-5821-42D3-A09A-7CEEC81DAA84}.Debug|Any CPU.ActiveCfg = Debug|Any CPU
		{08283C74-5821-42D3-A09A-7CEEC81DAA84}.Debug|Any CPU.Build.0 = Debug|Any CPU
		{08283C74-5821-42D3-A09A-7CEEC81DAA84}.Release|Any CPU.ActiveCfg = Release|Any CPU
		{08283C74-5821-42D3-A09A-7CEEC81DAA84}.Release|Any CPU.Build.0 = Release|Any CPU
	EndGlobalSection
	GlobalSection(SolutionProperties) = preSolution
		HideSolutionNode = FALSE
	EndGlobalSection
	GlobalSection(ExtensibilityGlobals) = postSolution
		SolutionGuid = {0EE7C698-B7EC-4E31-AD1A-C96253B91824}
	EndGlobalSection
EndGlobal
